
Microsoft Visual Studio Solution File, Format Version 12.00
# Visual Studio Version 17
VisualStudioVersion = 17.11.35327.3
MinimumVisualStudioVersion = 10.0.40219.1
Project("{FAE04EC0-301F-11D3-BF4B-00C04F79EFBC}") = "SnakeOnCosole", "SnakeOnCosole\SnakeOnCosole.csproj", "{0AD64792-2642-4D19-AAE6-FDA063AD44C8}"
EndProject
Global
	GlobalSection(SolutionConfigurationPlatforms) = preSolution
		Debug|Any CPU = Debug|Any CPU
		Release|Any CPU = Release|Any CPU
	EndGlobalSection
	GlobalSection(ProjectConfigurationPlatforms) = postSolution
		{0AD64792-2642-4D19-AAE6-FDA063AD44C8}.Debug|Any CPU.ActiveCfg = Debug|Any CPU
		{0AD64792-2642-4D19-AAE6-FDA063AD44C8}.Debug|Any CPU.Build.0 = Debug|Any CPU
		{0AD64792-2642-4D19-AAE6-FDA063AD44C8}.Release|Any CPU.ActiveCfg = Release|Any CPU
		{0AD64792-2642-4D19-AAE6-FDA063AD44C8}.Release|Any CPU.Build.0 = Release|Any CPU
	EndGlobalSection
	GlobalSection(SolutionProperties) = preSolution
		HideSolutionNode = FALSE
	EndGlobalSection
	GlobalSection(ExtensibilityGlobals) = postSolution
		SolutionGuid = {B45C66BB-9D5C-488C-ADC8-29EC67E5A24A}
	EndGlobalSection
EndGlobal
